{
  "requires": true,
  "lockfileVersion": 1,
  "dependencies": {
    "@fancyapps/fancybox": {
      "version": "3.4.1",
      "resolved": "https://registry.npmjs.org/@fancyapps/fancybox/-/fancybox-3.4.1.tgz",
      "integrity": "sha512-BDRU4ZsCnEPvvIYIHL6xSzFlXZNlpPhlMP16am5F0PSHE6smFQQyhi5tEWNE5azNpNXqB4uYFVggFtXgTticdg=="
    }
  }
}
